
Microsoft Visual Studio Solution File, Format Version 12.00
# Visual Studio 15
VisualStudioVersion = 15.0.28307.271
MinimumVisualStudioVersion = 10.0.40219.1
Project("{9A19103F-16F7-4668-BE54-9A1E7A4F7556}") = "HealthConnect.Api", "HealthConnect.Api\HealthConnect.Api.csproj", "{FF853E51-0B25-438C-928F-610648DD414E}"
EndProject
Project("{9A19103F-16F7-4668-BE54-9A1E7A4F7556}") = "HealthConnect.Accessor", "HealthConnect.Accessor\HealthConnect.Accessor.csproj", "{C7312726-C2FF-4D79-829B-2C6D0B72D316}"
EndProject
Global
	GlobalSection(SolutionConfigurationPlatforms) = preSolution
		Debug|Any CPU = Debug|Any CPU
		Release|Any CPU = Release|Any CPU
	EndGlobalSection
	GlobalSection(ProjectConfigurationPlatforms) = postSolution
		{FF853E51-0B25-438C-928F-610648DD414E}.Debug|Any CPU.ActiveCfg = Debug|Any CPU
		{FF853E51-0B25-438C-928F-610648DD414E}.Debug|Any CPU.Build.0 = Debug|Any CPU
		{FF853E51-0B25-438C-928F-610648DD414E}.Release|Any CPU.ActiveCfg = Release|Any CPU
		{FF853E51-0B25-438C-928F-610648DD414E}.Release|Any CPU.Build.0 = Release|Any CPU
		{C7312726-C2FF-4D79-829B-2C6D0B72D316}.Debug|Any CPU.ActiveCfg = Debug|Any CPU
		{C7312726-C2FF-4D79-829B-2C6D0B72D316}.Debug|Any CPU.Build.0 = Debug|Any CPU
		{C7312726-C2FF-4D79-829B-2C6D0B72D316}.Release|Any CPU.ActiveCfg = Release|Any CPU
		{C7312726-C2FF-4D79-829B-2C6D0B72D316}.Release|Any CPU.Build.0 = Release|Any CPU
	EndGlobalSection
	GlobalSection(SolutionProperties) = preSolution
		HideSolutionNode = FALSE
	EndGlobalSection
	GlobalSection(ExtensibilityGlobals) = postSolution
		SolutionGuid = {DA560174-3787-46B6-BADB-760BF51AA67F}
	EndGlobalSection
EndGlobal
